
Microsoft Visual Studio Solution File, Format Version 12.00
# Visual Studio 15
VisualStudioVersion = 15.0.27130.2027
MinimumVisualStudioVersion = 10.0.40219.1
Project("{FAE04EC0-301F-11D3-BF4B-00C04F79EFBC}") = "UniBibliothek", "UniBibliothek\UniBibliothek.csproj", "{3E3D9B68-C06C-4C27-8219-98F18CF4B127}"
EndProject
Global
	GlobalSection(SolutionConfigurationPlatforms) = preSolution
		Debug|Any CPU = Debug|Any CPU
		Release|Any CPU = Release|Any CPU
	EndGlobalSection
	GlobalSection(ProjectConfigurationPlatforms) = postSolution
		{3E3D9B68-C06C-4C27-8219-98F18CF4B127}.Debug|Any CPU.ActiveCfg = Debug|Any CPU
		{3E3D9B68-C06C-4C27-8219-98F18CF4B127}.Debug|Any CPU.Build.0 = Debug|Any CPU
		{3E3D9B68-C06C-4C27-8219-98F18CF4B127}.Release|Any CPU.ActiveCfg = Release|Any CPU
		{3E3D9B68-C06C-4C27-8219-98F18CF4B127}.Release|Any CPU.Build.0 = Release|Any CPU
	EndGlobalSection
	GlobalSection(SolutionProperties) = preSolution
		HideSolutionNode = FALSE
	EndGlobalSection
	GlobalSection(ExtensibilityGlobals) = postSolution
		SolutionGuid = {A0D6F135-6A72-4B03-9D80-CF9CC9320084}
	EndGlobalSection
EndGlobal
